Microsoft Visual Studio Solution File, Format Version 12.00
# Visual Studio Version 17
VisualStudioVersion = 17.5.2.0
MinimumVisualStudioVersion = 10.0.40219.1
Project("{FAE04EC0-301F-11D3-BF4B-00C04F79EFBC}") = "HQB.WebApi", "HQB.WebApi.csproj", "{EEF8A426-80B2-2B0E-D913-8201541A866E}"
EndProject
Global
	GlobalSection(SolutionConfigurationPlatforms) = preSolution
		Debug|Any CPU = Debug|Any CPU
		Release|Any CPU = Release|Any CPU
	EndGlobalSection
	GlobalSection(ProjectConfigurationPlatforms) = postSolution
		{EEF8A426-80B2-2B0E-D913-8201541A866E}.Debug|Any CPU.ActiveCfg = Debug|Any CPU
		{EEF8A426-80B2-2B0E-D913-8201541A866E}.Debug|Any CPU.Build.0 = Debug|Any CPU
		{EEF8A426-80B2-2B0E-D913-8201541A866E}.Release|Any CPU.ActiveCfg = Release|Any CPU
		{EEF8A426-80B2-2B0E-D913-8201541A866E}.Release|Any CPU.Build.0 = Release|Any CPU
	EndGlobalSection
	GlobalSection(SolutionProperties) = preSolution
		HideSolutionNode = FALSE
	EndGlobalSection
	GlobalSection(ExtensibilityGlobals) = postSolution
		SolutionGuid = {89EB5142-E345-4B4A-A72E-45BF638E4F98}
	EndGlobalSection
EndGlobal
